{
    "_readme": [
        "This file locks the dependencies of your project to a known state",
        "Read more about it at https://getcomposer.org/doc/01-basic-usage.md#composer-lock-the-lock-file",
        "This file is @generated automatically"
    ],
    "hash": "7e7326411ba2b22282953dcf18c39c55",
    "content-hash": "3dc0d09bee4cbd4cf1396e5b092337fb",
    "packages": [
        {
            "name": "badphp/dispatch",
            "version": "dev-master",
            "source": {
                "type": "git",
                "url": "https://github.com/badphp/dispatch.git",
                "reference": "c8e514ede1816ace883c5a789486f6691fcd6928"
            },
            "dist": {
                "type": "zip",
                "url": "https://api.github.com/repos/badphp/dispatch/zipball/c8e514ede1816ace883c5a789486f6691fcd6928",
                "reference": "c8e514ede1816ace883c5a789486f6691fcd6928",
                "shasum": ""
            },
            "require": {
                "php": ">= 5.4.0"
            },
            "require-dev": {
                "ext-xdebug": ">= 2.1"
            },
            "type": "library",
            "extra": {
                "branch-alias": {
                    "dev-master": "8.x-dev"
                }
            },
            "autoload": {
                "files": [
                    "dispatch.php"
                ]
            },
            "notification-url": "https://packagist.org/downloads/",
            "license": [
                "MIT"
            ],
            "authors": [
                {
                    "name": "Kafene",
                    "homepage": "https://github.com/kafene",
                    "role": "Contributor"
                },
                {
                    "name": "Martin Angelov",
                    "homepage": "https://github.com/martinaglv",
                    "role": "Contributor"
                },
                {
                    "name": "4d47",
                    "homepage": "https://github.com/4d47",
                    "role": "Contributor"
                },
                {
                    "name": "Bastian Widmer",
                    "homepage": "https://github.com/dasrecht",
                    "role": "Contributor"
                },
                {
                    "name": "Lloyd Zhou",
                    "homepage": "https://github.com/lloydzhou",
                    "role": "Contributor"
                },
                {
                    "name": "Darkalemanbr",
                    "homepage": "https://github.com/darkalemanbr",
                    "role": "Contributor"
                },
                {
                    "name": "Amin By",
                    "homepage": "https://github.com/xielingwang",
                    "role": "Contributor"
                },
                {
                    "name": "Ross Masters",
                    "homepage": "https://github.com/rmasters",
                    "role": "Contributor"
                },
                {
                    "name": "Tom Streller",
                    "homepage": "https://github.com/scan",
                    "role": "Contributor"
                },
                {
                    "name": "Lars",
                    "homepage": "https://github.com/larsbo",
                    "role": "Contributor"
                },
                {
                    "name": "Ciprian Danea",
                    "homepage": "https://github.com/cdanea",
                    "role": "Contributor"
                },
                {
                    "name": "Roman Ožana",
                    "homepage": "https://github.com/OzzyCzech",
                    "role": "Contributor"
                },
                {
                    "name": "Jesus A. Domingo",
                    "homepage": "http://github.com/noodlehaus/",
                    "role": "Developer"
                }
            ],
            "description": "a microframework/front-controller",
            "homepage": "http://github.com/badphp/dispatch",
            "keywords": [
                "framework",
                "micro",
                "microframework",
                "microphp",
                "router"
            ],
            "time": "2015-09-02 05:39:28"
        },
        {
            "name": "bento/bento",
            "version": "dev-master",
            "source": {
                "type": "git",
                "url": "https://github.com/nramenta/bento.git",
                "reference": "42b0083650e1a7ad59abde38b2dbd36e7e5337d2"
            },
            "dist": {
                "type": "zip",
                "url": "https://api.github.com/repos/nramenta/bento/zipball/42b0083650e1a7ad59abde38b2dbd36e7e5337d2",
                "reference": "42b0083650e1a7ad59abde38b2dbd36e7e5337d2",
                "shasum": ""
            },
            "require": {
                "php": ">=5.3.0"
            },
            "type": "library",
            "autoload": {
                "files": [
                    "src/bento.php"
                ]
            },
            "notification-url": "https://packagist.org/downloads/",
            "license": [
                "MIT"
            ],
            "authors": [
                {
                    "name": "Nofriandi Ramenta",
                    "email": "nramenta@gmail.com"
                }
            ],
            "description": "Simple micro-framework",
            "keywords": [
                "framework",
                "microframework",
                "router"
            ],
            "time": "2014-10-02 14:28:27"
        },
        {
            "name": "catfan/medoo",
            "version": "dev-master",
            "source": {
                "type": "git",
                "url": "https://github.com/catfan/Medoo.git",
                "reference": "634bcef389e4eaa40d10e6d66a9eecc0f7638cc7"
            },
            "dist": {
                "type": "zip",
                "url": "https://api.github.com/repos/catfan/Medoo/zipball/634bcef389e4eaa40d10e6d66a9eecc0f7638cc7",
                "reference": "634bcef389e4eaa40d10e6d66a9eecc0f7638cc7",
                "shasum": ""
            },
            "require": {
                "ext-pdo": "*",
                "php": ">=5.1"
            },
            "suggest": {
                "ext-pdo_dblib": "For MSSQL or Sybase databases on Linux/UNIX platform",
                "ext-pdo_mysql": "For MySQL or MariaDB databases",
                "ext-pdo_oci": "For Oracle databases",
                "ext-pdo_pqsql": "For PostgreSQL databases",
                "ext-pdo_sqlite": "For SQLite databases",
                "ext-pdo_sqlsrv": "For MSSQL databases on Windows platform"
            },
            "type": "framework",
            "autoload": {
                "files": [
                    "medoo.php"
                ]
            },
            "notification-url": "https://packagist.org/downloads/",
            "license": [
                "MIT"
            ],
            "authors": [
                {
                    "name": "Angel Lai",
                    "email": "angel@catfan.me"
                }
            ],
            "description": "The Lightest PHP database framework to accelerate development",
            "homepage": "http://medoo.in",
            "keywords": [
                "database",
                "lightweight",
                "mssql",
                "mysql",
                "php framework",
                "sql",
                "sqlite"
            ],
            "time": "2015-10-05 07:26:17"
        },
        {
            "name": "chevron/containers",
            "version": "dev-master",
            "source": {
                "type": "git",
                "url": "https://github.com/chevronphp/containers.git",
                "reference": "1559057d8d293d8f973b4d310ed04177ec744f7b"
            },
            "dist": {
                "type": "zip",
                "url": "https://api.github.com/repos/chevronphp/containers/zipball/1559057d8d293d8f973b4d310ed04177ec744f7b",
                "reference": "1559057d8d293d8f973b4d310ed04177ec744f7b",
                "shasum": ""
            },
            "require": {
                "chevron/objectloader": "~1.0",
                "php": ">=5.4.0"
            },
            "require-dev": {
                "phpunit/phpunit": "~4.0"
            },
            "type": "library",
            "autoload": {
                "psr-4": {
                    "Chevron\\Containers\\": "src/"
                }
            },
            "notification-url": "https://packagist.org/downloads/",
            "license": [
                "BSD-3-Clause"
            ],
            "authors": [
                {
                    "name": "Jon Henderson",
                    "homepage": "http://github.com/henderjon",
                    "role": "Developer"
                }
            ],
            "description": "an implementation of the registry pattern for fun and profit",
            "homepage": "http://github.com/chevronphp/containers",
            "time": "2015-09-28 15:12:27"
        },
        {
            "name": "chevron/objectloader",
            "version": "v1.3.0",
            "source": {
                "type": "git",
                "url": "https://github.com/chevronphp/objectloader.git",
                "reference": "b18ec0ad73cb1b8797a8e27469d1bfad7717e39c"
            },
            "dist": {
                "type": "zip",
                "url": "https://api.github.com/repos/chevronphp/objectloader/zipball/b18ec0ad73cb1b8797a8e27469d1bfad7717e39c",
                "reference": "b18ec0ad73cb1b8797a8e27469d1bfad7717e39c",
                "shasum": ""
            },
            "require": {
                "php": ">=5.4.0"
            },
            "require-dev": {
                "phpunit/phpunit": "~4.0"
            },
            "type": "library",
            "autoload": {
                "psr-4": {
                    "Chevron\\ObjectLoader\\": "src/"
                }
            },
            "notification-url": "https://packagist.org/downloads/",
            "license": [
                "BSD-3-Clause"
            ],
            "authors": [
                {
                    "name": "Jon Henderson",
                    "homepage": "http://github.com/henderjon",
                    "role": "Developer"
                }
            ],
            "description": "populate an object by recursively loading files",
            "homepage": "http://github.com/chevronphp/objectloader",
            "time": "2014-08-31 04:03:27"
        },
        {
            "name": "container-interop/container-interop",
            "version": "1.1.0",
            "source": {
                "type": "git",
                "url": "https://github.com/container-interop/container-interop.git",
                "reference": "fc08354828f8fd3245f77a66b9e23a6bca48297e"
            },
            "dist": {
                "type": "zip",
                "url": "https://api.github.com/repos/container-interop/container-interop/zipball/fc08354828f8fd3245f77a66b9e23a6bca48297e",
                "reference": "fc08354828f8fd3245f77a66b9e23a6bca48297e",
                "shasum": ""
            },
            "type": "library",
            "autoload": {
                "psr-4": {
                    "Interop\\Container\\": "src/Interop/Container/"
                }
            },
            "notification-url": "https://packagist.org/downloads/",
            "license": [
                "MIT"
            ],
            "description": "Promoting the interoperability of container objects (DIC, SL, etc.)",
            "time": "2014-12-30 15:22:37"
        },
        {
            "name": "evenement/evenement",
            "version": "dev-master",
            "source": {
                "type": "git",
                "url": "https://github.com/igorw/evenement.git",
                "reference": "35e87541d4b53c22201519fce3caaa5b38ac8164"
            },
            "dist": {
                "type": "zip",
                "url": "https://api.github.com/repos/igorw/evenement/zipball/35e87541d4b53c22201519fce3caaa5b38ac8164",
                "reference": "35e87541d4b53c22201519fce3caaa5b38ac8164",
                "shasum": ""
            },
            "require": {
                "php": ">=5.4.0"
            },
            "type": "library",
            "extra": {
                "branch-alias": {
                    "dev-master": "2.0-dev"
                }
            },
            "autoload": {
                "psr-0": {
                    "Evenement": "src"
                }
            },
            "notification-url": "https://packagist.org/downloads/",
            "license": [
                "MIT"
            ],
            "authors": [
                {
                    "name": "Igor Wiedler",
                    "email": "igor@wiedler.ch",
                    "homepage": "http://wiedler.ch/igor/"
                }
            ],
            "description": "Événement is a very simple event dispatching library for PHP",
            "keywords": [
                "event-dispatcher",
                "event-emitter"
            ],
            "time": "2014-07-09 21:08:03"
        },
        {
            "name": "guide42/plan",
            "version": "dev-master",
            "source": {
                "type": "git",
                "url": "https://github.com/guide42/plan.git",
                "reference": "34f41e1e6a4330fd4ce5e0e87412c94f6bf02e3c"
            },
            "dist": {
                "type": "zip",
                "url": "https://api.github.com/repos/guide42/plan/zipball/34f41e1e6a4330fd4ce5e0e87412c94f6bf02e3c",
                "reference": "34f41e1e6a4330fd4ce5e0e87412c94f6bf02e3c",
                "shasum": ""
            },
            "require": {
                "php": ">=5.3.8"
            },
            "type": "library",
            "autoload": {
                "classmap": [
                    "plan.php"
                ]
            },
            "notification-url": "https://packagist.org/downloads/",
            "license": [
                "ISC"
            ],
            "authors": [
                {
                    "name": "Juan M Martínez",
                    "email": "plan@jm.guide42.com",
                    "homepage": "http://jm.guide42.com",
                    "role": "Developer"
                }
            ],
            "description": "Fast and Simple Validation",
            "keywords": [
                "filter",
                "security",
                "validation",
                "validator"
            ],
            "time": "2015-12-12 22:53:43"
        },
        {
            "name": "guide42/suda",
            "version": "dev-master",
            "source": {
                "type": "git",
                "url": "https://github.com/guide42/suda.git",
                "reference": "4972fd0bbef5e3a145f1f22c2e32e1f6606e3bb6"
            },
            "dist": {
                "type": "zip",
                "url": "https://api.github.com/repos/guide42/suda/zipball/4972fd0bbef5e3a145f1f22c2e32e1f6606e3bb6",
                "reference": "4972fd0bbef5e3a145f1f22c2e32e1f6606e3bb6",
                "shasum": ""
            },
            "require": {
                "container-interop/container-interop": "~1.0",
                "php": ">=5.3"
            },
            "require-dev": {
                "satooshi/php-coveralls": "@stable"
            },
            "type": "library",
            "autoload": {
                "psr-4": {
                    "Guide42\\Suda\\": "library/"
                }
            },
            "notification-url": "https://packagist.org/downloads/",
            "license": [
                "ISC"
            ],
            "authors": [
                {
                    "name": "Juan M Martínez",
                    "email": "suda@jm.guide42.com",
                    "homepage": "http://jm.guide42.com",
                    "role": "Developer"
                }
            ],
            "description": "PHP Registry",
            "keywords": [
                "container",
                "dependency injection",
                "di",
                "registry"
            ],
            "time": "2014-11-25 03:21:07"
        },
        {
            "name": "ircmaxell/filterus",
            "version": "dev-master",
            "source": {
                "type": "git",
                "url": "https://github.com/ircmaxell/filterus.git",
                "reference": "1f2df5ded0b4cf36635899ccd6dc0798c6b51b42"
            },
            "dist": {
                "type": "zip",
                "url": "https://api.github.com/repos/ircmaxell/filterus/zipball/1f2df5ded0b4cf36635899ccd6dc0798c6b51b42",
                "reference": "1f2df5ded0b4cf36635899ccd6dc0798c6b51b42",
                "shasum": ""
            },
            "require": {
                "php": ">=5.3.0"
            },
            "type": "library",
            "autoload": {
                "files": [
                    "lib/Filterus/functions.php"
                ],
                "psr-0": {
                    "Filterus": "lib"
                }
            },
            "notification-url": "https://packagist.org/downloads/",
            "license": [
                "MIT"
            ],
            "authors": [
                {
                    "name": "Anthony Ferrara",
                    "email": "ircmaxell@php.net",
                    "homepage": "http://blog.ircmaxell.com"
                }
            ],
            "description": "A library for filtering variables in PHP",
            "homepage": "https://github.com/ircmaxell/filterus",
            "keywords": [
                "filter",
                "security"
            ],
            "time": "2015-02-20 20:12:05"
        },
        {
            "name": "level-2/dice",
            "version": "dev-master",
            "source": {
                "type": "git",
                "url": "https://github.com/Level-2/Dice.git",
                "reference": "d3ecf3a620b361232c77236b39d2d50a48c4a1a1"
            },
            "dist": {
                "type": "zip",
                "url": "https://api.github.com/repos/Level-2/Dice/zipball/d3ecf3a620b361232c77236b39d2d50a48c4a1a1",
                "reference": "d3ecf3a620b361232c77236b39d2d50a48c4a1a1",
                "shasum": ""
            },
            "require": {
                "php": ">=5.6.0"
            },
            "type": "library",
            "autoload": {
                "psr-4": {
                    "Dice\\": "./"
                }
            },
            "notification-url": "https://packagist.org/downloads/",
            "license": [
                "BSD-2-Clause"
            ],
            "authors": [
                {
                    "name": "Tom Butler",
                    "email": "tom@r.je"
                }
            ],
            "description": "A minimalist Dependency injection container (DIC) for PHP. Please note: This branch is only compatible with PHP5.6. 5.5, 5.4 and 5.3 compatible version is available as a separate branch on github. ",
            "homepage": "http://r.je/dice.html",
            "keywords": [
                "dependency injection",
                "dependency injection container",
                "di",
                "ioc"
            ],
            "time": "2015-12-29 20:07:11"
        },
        {
            "name": "lime/lime",
            "version": "dev-master",
            "source": {
                "type": "git",
                "url": "https://github.com/aheinze/lime.git",
                "reference": "871ce08b4db05b0a2bf4ec39ca36b9dffbb7c2a7"
            },
            "dist": {
                "type": "zip",
                "url": "https://api.github.com/repos/aheinze/lime/zipball/871ce08b4db05b0a2bf4ec39ca36b9dffbb7c2a7",
                "reference": "871ce08b4db05b0a2bf4ec39ca36b9dffbb7c2a7",
                "shasum": ""
            },
            "require": {
                "php": ">=5.4.2"
            },
            "type": "library",
            "autoload": {
                "psr-0": {
                    "Lime": "src/"
                }
            },
            "notification-url": "https://packagist.org/downloads/",
            "license": [
                "MIT"
            ],
            "authors": [
                {
                    "name": "Artur Heinze",
                    "email": "faulancer@gmail.com",
                    "homepage": "http://agentejo.com/",
                    "role": "Developer"
                }
            ],
            "description": "The PHP micro-framework",
            "homepage": "https://github.com/aheinze/Lime",
            "keywords": [
                "lime",
                "micro-framework",
                "microframework",
                "php"
            ],
            "time": "2015-10-12 21:43:23"
        },
        {
            "name": "maverick/maverick",
            "version": "dev-master",
            "source": {
                "type": "git",
                "url": "https://github.com/gunnar94/Maverick.git",
                "reference": "a060da6ddfab0099047938417499749e518315b0"
            },
            "dist": {
                "type": "zip",
                "url": "https://api.github.com/repos/gunnar94/Maverick/zipball/a060da6ddfab0099047938417499749e518315b0",
                "reference": "a060da6ddfab0099047938417499749e518315b0",
                "shasum": ""
            },
            "require": {
                "php": ">=5.4.0"
            },
            "require-dev": {
                "phpunit/phpunit": "4.2.*"
            },
            "type": "library",
            "autoload": {
                "psr-0": {
                    "Maverick": "src"
                }
            },
            "notification-url": "https://packagist.org/downloads/",
            "license": [
                "MIT"
            ],
            "authors": [
                {
                    "name": "Alec Carpenter",
                    "email": "gunnar94@me.com"
                }
            ],
            "description": "A micro framework for PHP",
            "time": "2015-07-11 02:52:20"
        },
        {
            "name": "mhlavac/diacritics-remover",
            "version": "dev-master",
            "source": {
                "type": "git",
                "url": "https://github.com/mhlavac/diacritics-remover.git",
                "reference": "2a7bd5fa4cfbcb26029fe38941b21276629c2d9b"
            },
            "dist": {
                "type": "zip",
                "url": "https://api.github.com/repos/mhlavac/diacritics-remover/zipball/2a7bd5fa4cfbcb26029fe38941b21276629c2d9b",
                "reference": "2a7bd5fa4cfbcb26029fe38941b21276629c2d9b",
                "shasum": ""
            },
            "require": {
                "php": ">=5.5"
            },
            "require-dev": {
                "phpunit/phpunit": "^4.8"
            },
            "type": "library",
            "extra": {
                "branch-alias": {
                    "dev-master": "1.0-dev"
                }
            },
            "autoload": {
                "psr-4": {
                    "MHlavac\\DiacriticsRemover\\": ""
                }
            },
            "notification-url": "https://packagist.org/downloads/",
            "license": [
                "MIT"
            ],
            "authors": [
                {
                    "name": "Martin Hlaváč",
                    "email": "info@mhlavac.net"
                }
            ],
            "description": "Diacritics Remover",
            "keywords": [
                "diacritics",
                "helper",
                "remover",
                "string"
            ],
            "time": "2015-08-28 04:33:11"
        },
        {
            "name": "mindplay/walkway",
            "version": "dev-master",
            "source": {
                "type": "git",
                "url": "https://github.com/mindplay-dk/walkway.git",
                "reference": "e9415253de8cb19b50d492738f240c9407e0bd1c"
            },
            "dist": {
                "type": "zip",
                "url": "https://api.github.com/repos/mindplay-dk/walkway/zipball/e9415253de8cb19b50d492738f240c9407e0bd1c",
                "reference": "e9415253de8cb19b50d492738f240c9407e0bd1c",
                "shasum": ""
            },
            "require": {
                "php": ">=5.3.0"
            },
            "require-dev": {
                "container-interop/container-interop": "^1.1",
                "mindplay/testies": "^0.2.0",
                "phpunit/php-code-coverage": "2.*@dev"
            },
            "suggest": {
                "container-interop/container-interop": "provides interop with various DI containers (via InteropInvoker)"
            },
            "type": "library",
            "autoload": {
                "psr-4": {
                    "mindplay\\walkway\\": "src/"
                }
            },
            "notification-url": "https://packagist.org/downloads/",
            "license": [
                "LGPL-3.0+"
            ],
            "authors": [
                {
                    "name": "Rasmus Schultz",
                    "email": "rasmus@mindplay.dk"
                }
            ],
            "description": "Elegant, modular router for PHP",
            "time": "2015-12-30 11:44:34"
        },
        {
            "name": "nategood/httpful",
            "version": "dev-master",
            "source": {
                "type": "git",
                "url": "https://github.com/nategood/httpful.git",
                "reference": "c1cd4d46a4b281229032cf39d4dd852f9887c0f6"
            },
            "dist": {
                "type": "zip",
                "url": "https://api.github.com/repos/nategood/httpful/zipball/c1cd4d46a4b281229032cf39d4dd852f9887c0f6",
                "reference": "c1cd4d46a4b281229032cf39d4dd852f9887c0f6",
                "shasum": ""
            },
            "require": {
                "ext-curl": "*",
                "php": ">=5.3"
            },
            "require-dev": {
                "phpunit/phpunit": "*"
            },
            "type": "library",
            "autoload": {
                "psr-0": {
                    "Httpful": "src/"
                }
            },
            "notification-url": "https://packagist.org/downloads/",
            "license": [
                "MIT"
            ],
            "authors": [
                {
                    "name": "Nate Good",
                    "email": "me@nategood.com",
                    "homepage": "http://nategood.com"
                }
            ],
            "description": "A Readable, Chainable, REST friendly, PHP HTTP Client",
            "homepage": "http://github.com/nategood/httpful",
            "keywords": [
                "api",
                "curl",
                "http",
                "requests",
                "rest",
                "restful"
            ],
            "time": "2015-10-26 16:11:30"
        },
        {
            "name": "nikic/fast-route",
            "version": "dev-master",
            "source": {
                "type": "git",
                "url": "https://github.com/nikic/FastRoute.git",
                "reference": "8164b4a0d8afde4eae5f1bfc39084972ba23ad36"
            },
            "dist": {
                "type": "zip",
                "url": "https://api.github.com/repos/nikic/FastRoute/zipball/8164b4a0d8afde4eae5f1bfc39084972ba23ad36",
                "reference": "8164b4a0d8afde4eae5f1bfc39084972ba23ad36",
                "shasum": ""
            },
            "require": {
                "php": ">=5.4.0"
            },
            "type": "library",
            "autoload": {
                "psr-4": {
                    "FastRoute\\": "src/"
                },
                "files": [
                    "src/functions.php"
                ]
            },
            "notification-url": "https://packagist.org/downloads/",
            "license": [
                "BSD-3-Clause"
            ],
            "authors": [
                {
                    "name": "Nikita Popov",
                    "email": "nikic@php.net"
                }
            ],
            "description": "Fast request router for PHP",
            "keywords": [
                "router",
                "routing"
            ],
            "time": "2015-12-20 19:50:12"
        },
        {
            "name": "php-http/httplug",
            "version": "dev-master",
            "source": {
                "type": "git",
                "url": "https://github.com/php-http/httplug.git",
                "reference": "94262d31a7694b8945b9ef80ebfd439c564afc47"
            },
            "dist": {
                "type": "zip",
                "url": "https://api.github.com/repos/php-http/httplug/zipball/94262d31a7694b8945b9ef80ebfd439c564afc47",
                "reference": "94262d31a7694b8945b9ef80ebfd439c564afc47",
                "shasum": ""
            },
            "require": {
                "php": ">=5.4",
                "php-http/promise": "^0.1",
                "psr/http-message": "^1.0"
            },
            "require-dev": {
                "henrikbjorn/phpspec-code-coverage": "^1.0",
                "phpspec/phpspec": "^2.4"
            },
            "type": "library",
            "extra": {
                "branch-alias": {
                    "dev-master": "1.0-dev"
                }
            },
            "autoload": {
                "psr-4": {
                    "Http\\Client\\": "src/"
                }
            },
            "notification-url": "https://packagist.org/downloads/",
            "license": [
                "MIT"
            ],
            "authors": [
                {
                    "name": "Eric GELOEN",
                    "email": "geloen.eric@gmail.com"
                },
                {
                    "name": "Márk Sági-Kazár",
                    "email": "mark.sagikazar@gmail.com"
                }
            ],
            "description": "HTTPlug, the HTTP client abstraction for PHP",
            "homepage": "http://httplug.io",
            "keywords": [
                "client",
                "http"
            ],
            "time": "2015-12-17 15:21:02"
        },
        {
            "name": "php-http/promise",
            "version": "v0.1.1",
            "source": {
                "type": "git",
                "url": "https://github.com/php-http/promise.git",
                "reference": "63c930a02f68800669a4375c61845a853197b7dc"
            },
            "dist": {
                "type": "zip",
                "url": "https://api.github.com/repos/php-http/promise/zipball/63c930a02f68800669a4375c61845a853197b7dc",
                "reference": "63c930a02f68800669a4375c61845a853197b7dc",
                "shasum": ""
            },
            "require": {
                "psr/http-message": "^1.0"
            },
            "require-dev": {
                "henrikbjorn/phpspec-code-coverage": "^1.0",
                "phpspec/phpspec": "^2.4"
            },
            "type": "library",
            "extra": {
                "branch-alias": {
                    "dev-master": "0.2-dev"
                }
            },
            "autoload": {
                "psr-4": {
                    "Http\\Promise\\": "src/"
                }
            },
            "notification-url": "https://packagist.org/downloads/",
            "license": [
                "MIT"
            ],
            "authors": [
                {
                    "name": "Márk Sági-Kazár",
                    "email": "mark.sagikazar@gmail.com"
                },
                {
                    "name": "Joel Wurtz",
                    "email": "joel.wurtz@gmail.com"
                }
            ],
            "description": "Promise used for asynchronous HTTP requests",
            "homepage": "http://httplug.io",
            "keywords": [
                "promise"
            ],
            "time": "2015-12-24 23:03:22"
        },
        {
            "name": "pimple/pimple",
            "version": "dev-master",
            "source": {
                "type": "git",
                "url": "https://github.com/silexphp/Pimple.git",
                "reference": "64e0f8320639b434baa073a40dd1e037e3286555"
            },
            "dist": {
                "type": "zip",
                "url": "https://api.github.com/repos/silexphp/Pimple/zipball/64e0f8320639b434baa073a40dd1e037e3286555",
                "reference": "64e0f8320639b434baa073a40dd1e037e3286555",
                "shasum": ""
            },
            "require": {
                "php": ">=5.3.0"
            },
            "type": "library",
            "extra": {
                "branch-alias": {
                    "dev-master": "3.0.x-dev"
                }
            },
            "autoload": {
                "psr-0": {
                    "Pimple": "src/"
                }
            },
            "notification-url": "https://packagist.org/downloads/",
            "license": [
                "MIT"
            ],
            "authors": [
                {
                    "name": "Fabien Potencier",
                    "email": "fabien@symfony.com"
                }
            ],
            "description": "Pimple, a simple Dependency Injection Container",
            "homepage": "http://pimple.sensiolabs.org",
            "keywords": [
                "container",
                "dependency injection"
            ],
            "time": "2015-09-11 15:11:22"
        },
        {
            "name": "psr/http-message",
            "version": "dev-master",
            "source": {
                "type": "git",
                "url": "https://github.com/php-fig/http-message.git",
                "reference": "85d63699f0dbedb190bbd4b0d2b9dc707ea4c298"
            },
            "dist": {
                "type": "zip",
                "url": "https://api.github.com/repos/php-fig/http-message/zipball/85d63699f0dbedb190bbd4b0d2b9dc707ea4c298",
                "reference": "85d63699f0dbedb190bbd4b0d2b9dc707ea4c298",
                "shasum": ""
            },
            "require": {
                "php": ">=5.3.0"
            },
            "type": "library",
            "extra": {
                "branch-alias": {
                    "dev-master": "1.0.x-dev"
                }
            },
            "autoload": {
                "psr-4": {
                    "Psr\\Http\\Message\\": "src/"
                }
            },
            "notification-url": "https://packagist.org/downloads/",
            "license": [
                "MIT"
            ],
            "authors": [
                {
                    "name": "PHP-FIG",
                    "homepage": "http://www.php-fig.org/"
                }
            ],
            "description": "Common interface for HTTP messages",
            "keywords": [
                "http",
                "http-message",
                "psr",
                "psr-7",
                "request",
                "response"
            ],
            "time": "2015-05-04 20:22:00"
        },
        {
            "name": "rdlowrey/auryn",
            "version": "dev-master",
            "source": {
                "type": "git",
                "url": "https://github.com/rdlowrey/auryn.git",
                "reference": "d6e03a7026a1724965c921f4fbd8351ab8f0a9f1"
            },
            "dist": {
                "type": "zip",
                "url": "https://api.github.com/repos/rdlowrey/auryn/zipball/d6e03a7026a1724965c921f4fbd8351ab8f0a9f1",
                "reference": "d6e03a7026a1724965c921f4fbd8351ab8f0a9f1",
                "shasum": ""
            },
            "require": {
                "php": ">=5.3.0"
            },
            "require-dev": {
                "athletic/athletic": "~0.1",
                "fabpot/php-cs-fixer": "~1.9",
                "phpunit/phpunit": "^4.7"
            },
            "type": "library",
            "autoload": {
                "psr-4": {
                    "Auryn\\": "lib/"
                }
            },
            "notification-url": "https://packagist.org/downloads/",
            "license": [
                "MIT"
            ],
            "authors": [
                {
                    "name": "Dan Ackroyd",
                    "email": "Danack@basereality.com",
                    "homepage": "http://www.basereality.com",
                    "role": "Developer"
                },
                {
                    "name": "Levi Morrison",
                    "email": "levim@php.net",
                    "homepage": "http://morrisonlevi.github.com/",
                    "role": "Developer"
                },
                {
                    "name": "Daniel Lowrey",
                    "email": "rdlowrey@gmail.com",
                    "homepage": "https://github.com/rdlowrey",
                    "role": "Creator / Main Developer"
                }
            ],
            "description": "Auryn is a dependency injector for bootstrapping object-oriented PHP applications.",
            "homepage": "https://github.com/rdlowrey/auryn",
            "keywords": [
                "dependency injection",
                "dic",
                "ioc"
            ],
            "time": "2015-12-09 16:44:14"
        },
        {
            "name": "sabre/event",
            "version": "dev-master",
            "source": {
                "type": "git",
                "url": "https://github.com/fruux/sabre-event.git",
                "reference": "82719cf57db4f1f9f064eee5f6541e160e66dfa0"
            },
            "dist": {
                "type": "zip",
                "url": "https://api.github.com/repos/fruux/sabre-event/zipball/82719cf57db4f1f9f064eee5f6541e160e66dfa0",
                "reference": "82719cf57db4f1f9f064eee5f6541e160e66dfa0",
                "shasum": ""
            },
            "require": {
                "php": ">=5.5"
            },
            "require-dev": {
                "phpunit/phpunit": "*",
                "sabre/cs": "~0.0.5"
            },
            "type": "library",
            "autoload": {
                "psr-4": {
                    "Sabre\\Event\\": "lib/"
                },
                "files": [
                    "lib/coroutine.php",
                    "lib/Loop/functions.php",
                    "lib/Promise/functions.php"
                ]
            },
            "notification-url": "https://packagist.org/downloads/",
            "license": [
                "BSD-3-Clause"
            ],
            "authors": [
                {
                    "name": "Evert Pot",
                    "email": "me@evertpot.com",
                    "homepage": "http://evertpot.com/",
                    "role": "Developer"
                }
            ],
            "description": "sabre/event is a library for lightweight event-based programming",
            "homepage": "http://sabre.io/event/",
            "keywords": [
                "EventEmitter",
                "async",
                "coroutine",
                "eventloop",
                "events",
                "hooks",
                "plugin",
                "promise",
                "reactor",
                "signal"
            ],
            "time": "2015-12-31 18:16:31"
        },
        {
            "name": "samchristy/piechart",
            "version": "dev-master",
            "source": {
                "type": "git",
                "url": "https://github.com/SamChristy/PieChart.git",
                "reference": "e9010a82d2e6086dc58eacd68a35c8b83249b497"
            },
            "dist": {
                "type": "zip",
                "url": "https://api.github.com/repos/SamChristy/PieChart/zipball/e9010a82d2e6086dc58eacd68a35c8b83249b497",
                "reference": "e9010a82d2e6086dc58eacd68a35c8b83249b497",
                "shasum": ""
            },
            "require": {
                "php": ">=5.3.0"
            },
            "type": "library",
            "autoload": {
                "psr-0": {
                    "SamChristy\\PieChart\\": "src/"
                }
            },
            "notification-url": "https://packagist.org/downloads/",
            "license": [
                "GPL-2.0+"
            ],
            "authors": [
                {
                    "name": "Sam Christy",
                    "email": "sam_christy@hotmail.co.uk",
                    "homepage": "https://github.com/SamChristy"
                }
            ],
            "description": "A simple class for drawing pie charts with ImageMagick or GD in PHP.",
            "homepage": "https://github.com/SamChristy/PieChart",
            "keywords": [
                "chart",
                "graphics",
                "pie"
            ],
            "time": "2014-01-25 22:44:04"
        },
        {
            "name": "shield/shield",
            "version": "dev-master",
            "source": {
                "type": "git",
                "url": "https://github.com/enygma/shieldframework.git",
                "reference": "c7ffc06779974b60c2671f739934df00cbd8ffc6"
            },
            "dist": {
                "type": "zip",
                "url": "https://api.github.com/repos/enygma/shieldframework/zipball/c7ffc06779974b60c2671f739934df00cbd8ffc6",
                "reference": "c7ffc06779974b60c2671f739934df00cbd8ffc6",
                "shasum": ""
            },
            "require": {
                "php": ">=5.3.1"
            },
            "type": "library",
            "autoload": {
                "psr-0": {
                    "Shield": "Shield/"
                }
            },
            "notification-url": "https://packagist.org/downloads/",
            "license": [
                "MIT"
            ],
            "authors": [
                {
                    "name": "Chris Cornutt",
                    "email": "ccornutt@phpdeveloper.org",
                    "homepage": "http://www.phpdeveloper.org/"
                }
            ],
            "description": "Shield : Microframework, Major Security",
            "homepage": "https://github.com/enygma/shieldframework.git",
            "keywords": [
                "microframework",
                "rest",
                "router"
            ],
            "time": "2012-11-02 19:11:17"
        },
        {
            "name": "silica/silica",
            "version": "dev-master",
            "source": {
                "type": "git",
                "url": "https://github.com/changloong/Silica.git",
                "reference": "5c6adb3dc7aec499dcaf7bbdc799b42f774fb144"
            },
            "dist": {
                "type": "zip",
                "url": "https://api.github.com/repos/changloong/Silica/zipball/5c6adb3dc7aec499dcaf7bbdc799b42f774fb144",
                "reference": "5c6adb3dc7aec499dcaf7bbdc799b42f774fb144",
                "shasum": ""
            },
            "require": {
                "php": ">=5.3.3"
            },
            "require-dev": {
                "monolog/monolog": "~1.4,>=1.4.1"
            },
            "type": "library",
            "autoload": {
                "psr-0": {
                    "Silica": "src/"
                }
            },
            "notification-url": "https://packagist.org/downloads/",
            "license": [
                "MIT"
            ],
            "authors": [
                {
                    "name": "Chang Long",
                    "email": "changlon@gmail.com"
                }
            ],
            "description": "The PHP micro-framework inspired by Silex",
            "homepage": "https://github.com/changloong/Silica",
            "keywords": [
                "microframework",
                "silex"
            ],
            "time": "2013-05-08 09:08:02"
        },
        {
            "name": "vlucas/valitron",
            "version": "dev-master",
            "source": {
                "type": "git",
                "url": "https://github.com/vlucas/valitron.git",
                "reference": "d2b63c611980bb804d17468bf0b3c8d4e28afbf5"
            },
            "dist": {
                "type": "zip",
                "url": "https://api.github.com/repos/vlucas/valitron/zipball/d2b63c611980bb804d17468bf0b3c8d4e28afbf5",
                "reference": "d2b63c611980bb804d17468bf0b3c8d4e28afbf5",
                "shasum": ""
            },
            "require": {
                "php": ">=5.3.2"
            },
            "require-dev": {
                "phpunit/phpunit": "~4.0"
            },
            "type": "library",
            "autoload": {
                "psr-0": {
                    "Valitron": "src/"
                }
            },
            "notification-url": "https://packagist.org/downloads/",
            "license": [
                "BSD"
            ],
            "authors": [
                {
                    "name": "Vance Lucas",
                    "email": "vance@vancelucas.com",
                    "homepage": "http://www.vancelucas.com"
                }
            ],
            "description": "Simple, elegant, stand-alone validation library with NO dependencies",
            "homepage": "http://github.com/vlucas/valitron",
            "keywords": [
                "valid",
                "validation",
                "validator"
            ],
            "time": "2015-12-15 20:10:29"
        },
        {
            "name": "willdurand/negotiation",
            "version": "dev-master",
            "source": {
                "type": "git",
                "url": "https://github.com/willdurand/Negotiation.git",
                "reference": "6ea823c2deaacb92d580730f2daa576eb40f0eef"
            },
            "dist": {
                "type": "zip",
                "url": "https://api.github.com/repos/willdurand/Negotiation/zipball/6ea823c2deaacb92d580730f2daa576eb40f0eef",
                "reference": "6ea823c2deaacb92d580730f2daa576eb40f0eef",
                "shasum": ""
            },
            "require": {
                "php": ">=5.4.0"
            },
            "require-dev": {
                "phpunit/phpunit": "~4.5"
            },
            "type": "library",
            "extra": {
                "branch-alias": {
                    "dev-master": "2.0-dev"
                }
            },
            "autoload": {
                "psr-4": {
                    "Negotiation\\": "src/Negotiation"
                }
            },
            "notification-url": "https://packagist.org/downloads/",
            "license": [
                "MIT"
            ],
            "authors": [
                {
                    "name": "William Durand",
                    "email": "will+git@drnd.me"
                }
            ],
            "description": "Content Negotiation tools for PHP provided as a standalone library.",
            "homepage": "http://williamdurand.fr/Negotiation/",
            "keywords": [
                "accept",
                "content",
                "format",
                "header",
                "negotiation"
            ],
            "time": "2015-12-12 09:30:07"
        }
    ],
    "packages-dev": [],
    "aliases": [],
    "minimum-stability": "dev",
    "stability-flags": {
        "shield/shield": 20,
        "silica/silica": 20,
        "lime/lime": 20,
        "bento/bento": 20,
        "maverick/maverick": 20,
        "badphp/dispatch": 20,
        "catfan/medoo": 20,
        "pimple/pimple": 20,
        "rdlowrey/auryn": 20,
        "chevron/containers": 20,
        "level-2/dice": 20,
        "guide42/suda": 20,
        "evenement/evenement": 20,
        "sabre/event": 20,
        "nikic/fast-route": 20,
        "mindplay/walkway": 20,
        "nategood/httpful": 20,
        "willdurand/negotiation": 20,
        "php-http/httplug": 20,
        "vlucas/valitron": 20,
        "ircmaxell/filterus": 20,
        "guide42/plan": 20,
        "mhlavac/diacritics-remover": 20,
        "samchristy/piechart": 20
    },
    "prefer-stable": false,
    "prefer-lowest": false,
    "platform": [],
    "platform-dev": []
}
